
Microsoft Visual Studio Solution File, Format Version 12.00
# Visual Studio 15
VisualStudioVersion = 15.0.26124.0
MinimumVisualStudioVersion = 15.0.26124.0
Project("{2150E333-8FDC-42A3-9474-1A3956D46DE8}") = "src", "src", "{BFECDA26-DCAF-4EFC-AEAD-9F9A1105CF3F}"
EndProject
Project("{FAE04EC0-301F-11D3-BF4B-00C04F79EFBC}") = "Actio.Api", "src\Actio.Api\Actio.Api.csproj", "{32B20997-2EA1-4261-BAB1-FF91A5B61447}"
EndProject
Project("{FAE04EC0-301F-11D3-BF4B-00C04F79EFBC}") = "Actio.Common", "src\Actio.Common\Actio.Common.csproj", "{44AC660E-7793-4718-81F2-38580496B6DA}"
EndProject
Project("{FAE04EC0-301F-11D3-BF4B-00C04F79EFBC}") = "Actio.Services.Identity", "src\Actio.Services.Identity\Actio.Services.Identity.csproj", "{2F0C3C41-F513-4001-AECB-2CDAD592A086}"
EndProject
Project("{FAE04EC0-301F-11D3-BF4B-00C04F79EFBC}") = "Actio.Services.Activities", "src\Actio.Services.Activities\Actio.Services.Activities.csproj", "{9B163449-F2F7-4557-B5BC-A54F079841B7}"
EndProject
Global
	GlobalSection(SolutionConfigurationPlatforms) = preSolution
		Debug|Any CPU = Debug|Any CPU
		Debug|x64 = Debug|x64
		Debug|x86 = Debug|x86
		Release|Any CPU = Release|Any CPU
		Release|x64 = Release|x64
		Release|x86 = Release|x86
	EndGlobalSection
	GlobalSection(SolutionProperties) = preSolution
		HideSolutionNode = FALSE
	EndGlobalSection
	GlobalSection(ProjectConfigurationPlatforms) = postSolution
		{32B20997-2EA1-4261-BAB1-FF91A5B61447}.Debug|Any CPU.ActiveCfg = Debug|Any CPU
		{32B20997-2EA1-4261-BAB1-FF91A5B61447}.Debug|Any CPU.Build.0 = Debug|Any CPU
		{32B20997-2EA1-4261-BAB1-FF91A5B61447}.Debug|x64.ActiveCfg = Debug|Any CPU
		{32B20997-2EA1-4261-BAB1-FF91A5B61447}.Debug|x64.Build.0 = Debug|Any CPU
		{32B20997-2EA1-4261-BAB1-FF91A5B61447}.Debug|x86.ActiveCfg = Debug|Any CPU
		{32B20997-2EA1-4261-BAB1-FF91A5B61447}.Debug|x86.Build.0 = Debug|Any CPU
		{32B20997-2EA1-4261-BAB1-FF91A5B61447}.Release|Any CPU.ActiveCfg = Release|Any CPU
		{32B20997-2EA1-4261-BAB1-FF91A5B61447}.Release|Any CPU.Build.0 = Release|Any CPU
		{32B20997-2EA1-4261-BAB1-FF91A5B61447}.Release|x64.ActiveCfg = Release|Any CPU
		{32B20997-2EA1-4261-BAB1-FF91A5B61447}.Release|x64.Build.0 = Release|Any CPU
		{32B20997-2EA1-4261-BAB1-FF91A5B61447}.Release|x86.ActiveCfg = Release|Any CPU
		{32B20997-2EA1-4261-BAB1-FF91A5B61447}.Release|x86.Build.0 = Release|Any CPU
		{44AC660E-7793-4718-81F2-38580496B6DA}.Debug|Any CPU.ActiveCfg = Debug|Any CPU
		{44AC660E-7793-4718-81F2-38580496B6DA}.Debug|Any CPU.Build.0 = Debug|Any CPU
		{44AC660E-7793-4718-81F2-38580496B6DA}.Debug|x64.ActiveCfg = Debug|Any CPU
		{44AC660E-7793-4718-81F2-38580496B6DA}.Debug|x64.Build.0 = Debug|Any CPU
		{44AC660E-7793-4718-81F2-38580496B6DA}.Debug|x86.ActiveCfg = Debug|Any CPU
		{44AC660E-7793-4718-81F2-38580496B6DA}.Debug|x86.Build.0 = Debug|Any CPU
		{44AC660E-7793-4718-81F2-38580496B6DA}.Release|Any CPU.ActiveCfg = Release|Any CPU
		{44AC660E-7793-4718-81F2-38580496B6DA}.Release|Any CPU.Build.0 = Release|Any CPU
		{44AC660E-7793-4718-81F2-38580496B6DA}.Release|x64.ActiveCfg = Release|Any CPU
		{44AC660E-7793-4718-81F2-38580496B6DA}.Release|x64.Build.0 = Release|Any CPU
		{44AC660E-7793-4718-81F2-38580496B6DA}.Release|x86.ActiveCfg = Release|Any CPU
		{44AC660E-7793-4718-81F2-38580496B6DA}.Release|x86.Build.0 = Release|Any CPU
		{2F0C3C41-F513-4001-AECB-2CDAD592A086}.Debug|Any CPU.ActiveCfg = Debug|Any CPU
		{2F0C3C41-F513-4001-AECB-2CDAD592A086}.Debug|Any CPU.Build.0 = Debug|Any CPU
		{2F0C3C41-F513-4001-AECB-2CDAD592A086}.Debug|x64.ActiveCfg = Debug|Any CPU
		{2F0C3C41-F513-4001-AECB-2CDAD592A086}.Debug|x64.Build.0 = Debug|Any CPU
		{2F0C3C41-F513-4001-AECB-2CDAD592A086}.Debug|x86.ActiveCfg = Debug|Any CPU
		{2F0C3C41-F513-4001-AECB-2CDAD592A086}.Debug|x86.Build.0 = Debug|Any CPU
		{2F0C3C41-F513-4001-AECB-2CDAD592A086}.Release|Any CPU.ActiveCfg = Release|Any CPU
		{2F0C3C41-F513-4001-AECB-2CDAD592A086}.Release|Any CPU.Build.0 = Release|Any CPU
		{2F0C3C41-F513-4001-AECB-2CDAD592A086}.Release|x64.ActiveCfg = Release|Any CPU
		{2F0C3C41-F513-4001-AECB-2CDAD592A086}.Release|x64.Build.0 = Release|Any CPU
		{2F0C3C41-F513-4001-AECB-2CDAD592A086}.Release|x86.ActiveCfg = Release|Any CPU
		{2F0C3C41-F513-4001-AECB-2CDAD592A086}.Release|x86.Build.0 = Release|Any CPU
		{9B163449-F2F7-4557-B5BC-A54F079841B7}.Debug|Any CPU.ActiveCfg = Debug|Any CPU
		{9B163449-F2F7-4557-B5BC-A54F079841B7}.Debug|Any CPU.Build.0 = Debug|Any CPU
		{9B163449-F2F7-4557-B5BC-A54F079841B7}.Debug|x64.ActiveCfg = Debug|Any CPU
		{9B163449-F2F7-4557-B5BC-A54F079841B7}.Debug|x64.Build.0 = Debug|Any CPU
		{9B163449-F2F7-4557-B5BC-A54F079841B7}.Debug|x86.ActiveCfg = Debug|Any CPU
		{9B163449-F2F7-4557-B5BC-A54F079841B7}.Debug|x86.Build.0 = Debug|Any CPU
		{9B163449-F2F7-4557-B5BC-A54F079841B7}.Release|Any CPU.ActiveCfg = Release|Any CPU
		{9B163449-F2F7-4557-B5BC-A54F079841B7}.Release|Any CPU.Build.0 = Release|Any CPU
		{9B163449-F2F7-4557-B5BC-A54F079841B7}.Release|x64.ActiveCfg = Release|Any CPU
		{9B163449-F2F7-4557-B5BC-A54F079841B7}.Release|x64.Build.0 = Release|Any CPU
		{9B163449-F2F7-4557-B5BC-A54F079841B7}.Release|x86.ActiveCfg = Release|Any CPU
		{9B163449-F2F7-4557-B5BC-A54F079841B7}.Release|x86.Build.0 = Release|Any CPU
	EndGlobalSection
	GlobalSection(NestedProjects) = preSolution
		{32B20997-2EA1-4261-BAB1-FF91A5B61447} = {BFECDA26-DCAF-4EFC-AEAD-9F9A1105CF3F}
		{44AC660E-7793-4718-81F2-38580496B6DA} = {BFECDA26-DCAF-4EFC-AEAD-9F9A1105CF3F}
		{2F0C3C41-F513-4001-AECB-2CDAD592A086} = {BFECDA26-DCAF-4EFC-AEAD-9F9A1105CF3F}
		{9B163449-F2F7-4557-B5BC-A54F079841B7} = {BFECDA26-DCAF-4EFC-AEAD-9F9A1105CF3F}
	EndGlobalSection
EndGlobal
